
Microsoft Visual Studio Solution File, Format Version 12.00
# Visual Studio Version 17
VisualStudioVersion = 17.5.33424.131
MinimumVisualStudioVersion = 10.0.40219.1
Project("{9A19103F-16F7-4668-BE54-9A1E7A4F7556}") = "Wpf.Dpi.Test", "Wpf.Dpi.Test\Wpf.Dpi.Test.csproj", "{B40F6C50-EF2A-4579-91ED-209C998CE228}"
EndProject
Project("{FAE04EC0-301F-11D3-BF4B-00C04F79EFBC}") = "Console.Dpi.Test", "Console.Dpi.Test\Console.Dpi.Test.csproj", "{DE2BF0D3-A599-4299-BCA5-028A08B81535}"
EndProject
Global
	GlobalSection(SolutionConfigurationPlatforms) = preSolution
		Debug|Any CPU = Debug|Any CPU
		Release|Any CPU = Release|Any CPU
	EndGlobalSection
	GlobalSection(ProjectConfigurationPlatforms) = postSolution
		{B40F6C50-EF2A-4579-91ED-209C998CE228}.Debug|Any CPU.ActiveCfg = Debug|Any CPU
		{B40F6C50-EF2A-4579-91ED-209C998CE228}.Debug|Any CPU.Build.0 = Debug|Any CPU
		{B40F6C50-EF2A-4579-91ED-209C998CE228}.Release|Any CPU.ActiveCfg = Release|Any CPU
		{B40F6C50-EF2A-4579-91ED-209C998CE228}.Release|Any CPU.Build.0 = Release|Any CPU
		{DE2BF0D3-A599-4299-BCA5-028A08B81535}.Debug|Any CPU.ActiveCfg = Debug|Any CPU
		{DE2BF0D3-A599-4299-BCA5-028A08B81535}.Debug|Any CPU.Build.0 = Debug|Any CPU
		{DE2BF0D3-A599-4299-BCA5-028A08B81535}.Release|Any CPU.ActiveCfg = Release|Any CPU
		{DE2BF0D3-A599-4299-BCA5-028A08B81535}.Release|Any CPU.Build.0 = Release|Any CPU
	EndGlobalSection
	GlobalSection(SolutionProperties) = preSolution
		HideSolutionNode = FALSE
	EndGlobalSection
	GlobalSection(ExtensibilityGlobals) = postSolution
		SolutionGuid = {0572CEF8-A468-499C-8E55-BE9028BF3ED5}
	EndGlobalSection
EndGlobal
